
Microsoft Visual Studio Solution File, Format Version 12.00
# Visual Studio Version 16
VisualStudioVersion = 16.0.30406.217
MinimumVisualStudioVersion = 10.0.40219.1
Project("{FAE04EC0-301F-11D3-BF4B-00C04F79EFBC}") = "Lab1_ConnectedMode", "Lab1_ConnectedMode.csproj", "{80E7A678-EE48-4CDA-9F74-D89E25F87242}"
EndProject
Project("{FAE04EC0-301F-11D3-BF4B-00C04F79EFBC}") = "TabControlDemo", "..\TabControlDemo\TabControlDemo.csproj", "{A4A2F0E5-381A-4549-BC16-724926100F6F}"
EndProject
Global
	GlobalSection(SolutionConfigurationPlatforms) = preSolution
		Debug|Any CPU = Debug|Any CPU
		Release|Any CPU = Release|Any CPU
	EndGlobalSection
	GlobalSection(ProjectConfigurationPlatforms) = postSolution
		{80E7A678-EE48-4CDA-9F74-D89E25F87242}.Debug|Any CPU.ActiveCfg = Debug|Any CPU
		{80E7A678-EE48-4CDA-9F74-D89E25F87242}.Debug|Any CPU.Build.0 = Debug|Any CPU
		{80E7A678-EE48-4CDA-9F74-D89E25F87242}.Release|Any CPU.ActiveCfg = Release|Any CPU
		{80E7A678-EE48-4CDA-9F74-D89E25F87242}.Release|Any CPU.Build.0 = Release|Any CPU
		{A4A2F0E5-381A-4549-BC16-724926100F6F}.Debug|Any CPU.ActiveCfg = Debug|Any CPU
		{A4A2F0E5-381A-4549-BC16-724926100F6F}.Debug|Any CPU.Build.0 = Debug|Any CPU
		{A4A2F0E5-381A-4549-BC16-724926100F6F}.Release|Any CPU.ActiveCfg = Release|Any CPU
		{A4A2F0E5-381A-4549-BC16-724926100F6F}.Release|Any CPU.Build.0 = Release|Any CPU
	EndGlobalSection
	GlobalSection(SolutionProperties) = preSolution
		HideSolutionNode = FALSE
	EndGlobalSection
	GlobalSection(ExtensibilityGlobals) = postSolution
		SolutionGuid = {633104D7-D04C-452A-8BBE-51F69D52D63B}
	EndGlobalSection
EndGlobal
